
Microsoft Visual Studio Solution File, Format Version 12.00
# Visual Studio Version 17
VisualStudioVersion = 17.11.35312.102
MinimumVisualStudioVersion = 10.0.40219.1
Project("{FAE04EC0-301F-11D3-BF4B-00C04F79EFBC}") = "DANHSACHSINHVIEN", "DANHSACHSINHVIEN\DANHSACHSINHVIEN.csproj", "{A29840A4-F120-40C5-BA4B-BC1B8C3EA290}"
EndProject
Global
	GlobalSection(SolutionConfigurationPlatforms) = preSolution
		Debug|Any CPU = Debug|Any CPU
		Release|Any CPU = Release|Any CPU
	EndGlobalSection
	GlobalSection(ProjectConfigurationPlatforms) = postSolution
		{A29840A4-F120-40C5-BA4B-BC1B8C3EA290}.Debug|Any CPU.ActiveCfg = Debug|Any CPU
		{A29840A4-F120-40C5-BA4B-BC1B8C3EA290}.Debug|Any CPU.Build.0 = Debug|Any CPU
		{A29840A4-F120-40C5-BA4B-BC1B8C3EA290}.Release|Any CPU.ActiveCfg = Release|Any CPU
		{A29840A4-F120-40C5-BA4B-BC1B8C3EA290}.Release|Any CPU.Build.0 = Release|Any CPU
	EndGlobalSection
	GlobalSection(SolutionProperties) = preSolution
		HideSolutionNode = FALSE
	EndGlobalSection
	GlobalSection(ExtensibilityGlobals) = postSolution
		SolutionGuid = {067A3746-3042-466A-8C42-F1E02AA3E783}
	EndGlobalSection
EndGlobal
